Microsoft Visual Studio Solution File, Format Version 12.00
# Visual Studio Version 17
VisualStudioVersion = 17.0.31903.59
MinimumVisualStudioVersion = 10.0.40219.1
Project("{9A19103F-16F7-4668-BE54-9A1E7A4F7556}") = "MailHelper.Core", "src\MailHelper.Core\MailHelper.Core.csproj", "{6B1F6E4A-3C2D-4E5F-9A8B-1C2D3E4F5A01}"
EndProject
Project("{9A19103F-16F7-4668-BE54-9A1E7A4F7556}") = "MailHelper.Core.Services", "src\MailHelper.Core.Services\MailHelper.Core.Services.csproj", "{6B1F6E4A-3C2D-4E5F-9A8B-1C2D3E4F5A02}"
EndProject
Project("{9A19103F-16F7-4668-BE54-9A1E7A4F7556}") = "MailHelper.Infrastructure", "src\MailHelper.Infrastructure\MailHelper.Infrastructure.csproj", "{6B1F6E4A-3C2D-4E5F-9A8B-1C2D3E4F5A03}"
EndProject
Project("{9A19103F-16F7-4668-BE54-9A1E7A4F7556}") = "MailHelper.App", "src\MailHelper.App\MailHelper.App.csproj", "{6B1F6E4A-3C2D-4E5F-9A8B-1C2D3E4F5A04}"
EndProject
Project("{9A19103F-16F7-4668-BE54-9A1E7A4F7556}") = "MailHelper.Core.Tests", "tests\MailHelper.Core.Tests\MailHelper.Core.Tests.csproj", "{6B1F6E4A-3C2D-4E5F-9A8B-1C2D3E4F5B01}"
EndProject
Project("{9A19103F-16F7-4668-BE54-9A1E7A4F7556}") = "MailHelper.Services.Tests", "tests\MailHelper.Services.Tests\MailHelper.Services.Tests.csproj", "{6B1F6E4A-3C2D-4E5F-9A8B-1C2D3E4F5B02}"
EndProject
Project("{9A19103F-16F7-4668-BE54-9A1E7A4F7556}") = "MailHelper.Integration.Tests", "tests\MailHelper.Integration.Tests\MailHelper.Integration.Tests.csproj", "{6B1F6E4A-3C2D-4E5F-9A8B-1C2D3E4F5B03}"
EndProject
Project("{2150E333-8FDC-42A3-9474-1A3956D46DE8}") = "src", "src", "{C5F29382-FBAA-4703-A0DE-C84D8855467C}"
EndProject
Project("{FAE04EC0-301F-11D3-BF4B-00C04F79EFBC}") = "MailHelper.ViewModels", "src\MailHelper.ViewModels\MailHelper.ViewModels.csproj", "{947D2BB5-33A4-48B5-A511-626C78924659}"
EndProject
Project("{FAE04EC0-301F-11D3-BF4B-00C04F79EFBC}") = "MailHelper.App.Avalonia", "src\MailHelper.App.Avalonia\MailHelper.App.Avalonia.csproj", "{9B51417E-AEC3-4ACA-888E-8233617F203F}"
EndProject
Project("{2150E333-8FDC-42A3-9474-1A3956D46DE8}") = "tests", "tests", "{5CCE3599-FF47-4182-B86D-B9DC9F7E736C}"
EndProject
Project("{FAE04EC0-301F-11D3-BF4B-00C04F79EFBC}") = "MailHelper.Mac.Tests", "tests\MailHelper.Mac.Tests\MailHelper.Mac.Tests.csproj", "{C695F3BD-6ECD-4AC5-B7B6-1D259E18518D}"
EndProject
Global
	GlobalSection(SolutionConfigurationPlatforms) = preSolution
		Debug|Any CPU = Debug|Any CPU
		Release|Any CPU = Release|Any CPU
	EndGlobalSection
	GlobalSection(ProjectConfigurationPlatforms) = postSolution
		{6B1F6E4A-3C2D-4E5F-9A8B-1C2D3E4F5A01}.Debug|Any CPU.ActiveCfg = Debug|Any CPU
		{6B1F6E4A-3C2D-4E5F-9A8B-1C2D3E4F5A01}.Debug|Any CPU.Build.0 = Debug|Any CPU
		{6B1F6E4A-3C2D-4E5F-9A8B-1C2D3E4F5A01}.Release|Any CPU.ActiveCfg = Release|Any CPU
		{6B1F6E4A-3C2D-4E5F-9A8B-1C2D3E4F5A01}.Release|Any CPU.Build.0 = Release|Any CPU
		{6B1F6E4A-3C2D-4E5F-9A8B-1C2D3E4F5A02}.Debug|Any CPU.ActiveCfg = Debug|Any CPU
		{6B1F6E4A-3C2D-4E5F-9A8B-1C2D3E4F5A02}.Debug|Any CPU.Build.0 = Debug|Any CPU
		{6B1F6E4A-3C2D-4E5F-9A8B-1C2D3E4F5A02}.Release|Any CPU.ActiveCfg = Release|Any CPU
		{6B1F6E4A-3C2D-4E5F-9A8B-1C2D3E4F5A02}.Release|Any CPU.Build.0 = Release|Any CPU
		{6B1F6E4A-3C2D-4E5F-9A8B-1C2D3E4F5A03}.Debug|Any CPU.ActiveCfg = Debug|Any CPU
		{6B1F6E4A-3C2D-4E5F-9A8B-1C2D3E4F5A03}.Debug|Any CPU.Build.0 = Debug|Any CPU
		{6B1F6E4A-3C2D-4E5F-9A8B-1C2D3E4F5A03}.Release|Any CPU.ActiveCfg = Release|Any CPU
		{6B1F6E4A-3C2D-4E5F-9A8B-1C2D3E4F5A03}.Release|Any CPU.Build.0 = Release|Any CPU
		{6B1F6E4A-3C2D-4E5F-9A8B-1C2D3E4F5A04}.Debug|Any CPU.ActiveCfg = Debug|Any CPU
		{6B1F6E4A-3C2D-4E5F-9A8B-1C2D3E4F5A04}.Debug|Any CPU.Build.0 = Debug|Any CPU
		{6B1F6E4A-3C2D-4E5F-9A8B-1C2D3E4F5A04}.Release|Any CPU.ActiveCfg = Release|Any CPU
		{6B1F6E4A-3C2D-4E5F-9A8B-1C2D3E4F5A04}.Release|Any CPU.Build.0 = Release|Any CPU
		{6B1F6E4A-3C2D-4E5F-9A8B-1C2D3E4F5B01}.Debug|Any CPU.ActiveCfg = Debug|Any CPU
		{6B1F6E4A-3C2D-4E5F-9A8B-1C2D3E4F5B01}.Debug|Any CPU.Build.0 = Debug|Any CPU
		{6B1F6E4A-3C2D-4E5F-9A8B-1C2D3E4F5B01}.Release|Any CPU.ActiveCfg = Release|Any CPU
		{6B1F6E4A-3C2D-4E5F-9A8B-1C2D3E4F5B01}.Release|Any CPU.Build.0 = Release|Any CPU
		{6B1F6E4A-3C2D-4E5F-9A8B-1C2D3E4F5B02}.Debug|Any CPU.ActiveCfg = Debug|Any CPU
		{6B1F6E4A-3C2D-4E5F-9A8B-1C2D3E4F5B02}.Debug|Any CPU.Build.0 = Debug|Any CPU
		{6B1F6E4A-3C2D-4E5F-9A8B-1C2D3E4F5B02}.Release|Any CPU.ActiveCfg = Release|Any CPU
		{6B1F6E4A-3C2D-4E5F-9A8B-1C2D3E4F5B02}.Release|Any CPU.Build.0 = Release|Any CPU
		{6B1F6E4A-3C2D-4E5F-9A8B-1C2D3E4F5B03}.Debug|Any CPU.ActiveCfg = Debug|Any CPU
		{6B1F6E4A-3C2D-4E5F-9A8B-1C2D3E4F5B03}.Debug|Any CPU.Build.0 = Debug|Any CPU
		{6B1F6E4A-3C2D-4E5F-9A8B-1C2D3E4F5B03}.Release|Any CPU.ActiveCfg = Release|Any CPU
		{6B1F6E4A-3C2D-4E5F-9A8B-1C2D3E4F5B03}.Release|Any CPU.Build.0 = Release|Any CPU
		{947D2BB5-33A4-48B5-A511-626C78924659}.Debug|Any CPU.ActiveCfg = Debug|Any CPU
		{947D2BB5-33A4-48B5-A511-626C78924659}.Debug|Any CPU.Build.0 = Debug|Any CPU
		{947D2BB5-33A4-48B5-A511-626C78924659}.Release|Any CPU.ActiveCfg = Release|Any CPU
		{947D2BB5-33A4-48B5-A511-626C78924659}.Release|Any CPU.Build.0 = Release|Any CPU
		{9B51417E-AEC3-4ACA-888E-8233617F203F}.Debug|Any CPU.ActiveCfg = Debug|Any CPU
		{9B51417E-AEC3-4ACA-888E-8233617F203F}.Debug|Any CPU.Build.0 = Debug|Any CPU
		{9B51417E-AEC3-4ACA-888E-8233617F203F}.Release|Any CPU.ActiveCfg = Release|Any CPU
		{9B51417E-AEC3-4ACA-888E-8233617F203F}.Release|Any CPU.Build.0 = Release|Any CPU
		{C695F3BD-6ECD-4AC5-B7B6-1D259E18518D}.Debug|Any CPU.ActiveCfg = Debug|Any CPU
		{C695F3BD-6ECD-4AC5-B7B6-1D259E18518D}.Debug|Any CPU.Build.0 = Debug|Any CPU
		{C695F3BD-6ECD-4AC5-B7B6-1D259E18518D}.Release|Any CPU.ActiveCfg = Release|Any CPU
		{C695F3BD-6ECD-4AC5-B7B6-1D259E18518D}.Release|Any CPU.Build.0 = Release|Any CPU
	EndGlobalSection
	GlobalSection(SolutionProperties) = preSolution
		HideSolutionNode = FALSE
	EndGlobalSection
	GlobalSection(ExtensibilityGlobals) = postSolution
		SolutionGuid = {8D2F0B31-4A5C-6D7E-8F90-2B3C4D5E6F7A}
	EndGlobalSection
	GlobalSection(NestedProjects) = preSolution
		{947D2BB5-33A4-48B5-A511-626C78924659} = {C5F29382-FBAA-4703-A0DE-C84D8855467C}
		{9B51417E-AEC3-4ACA-888E-8233617F203F} = {C5F29382-FBAA-4703-A0DE-C84D8855467C}
		{C695F3BD-6ECD-4AC5-B7B6-1D259E18518D} = {5CCE3599-FF47-4182-B86D-B9DC9F7E736C}
	EndGlobalSection
EndGlobal
